
Microsoft Visual Studio Solution File, Format Version 11.00
# Visual C++ Express 2010
Project("{8BC9CEB8-8B4A-11D0-8D11-00A0C91BC942}") = "TextBuddy", "source\TextBuddy\TextBuddy.vcxproj", "{348E0B49-4F98-4210-8BA0-7780C84B770E}"
	ProjectSection(ProjectDependencies) = postProject
		{C8F6C172-56F2-4E76-B5FA-C3B423B31BE7} = {C8F6C172-56F2-4E76-B5FA-C3B423B31BE7}
	EndProjectSection
EndProject
Project("{8BC9CEB8-8B4A-11D0-8D11-00A0C91BC942}") = "gtest", "source\gtest-1.6.0\msvc\gtest.vcxproj", "{C8F6C172-56F2-4E76-B5FA-C3B423B31BE7}"
EndProject
Global
	GlobalSection(SolutionConfigurationPlatforms) = preSolution
		Debug|Win32 = Debug|Win32
		Release|Win32 = Release|Win32
	EndGlobalSection
	GlobalSection(ProjectConfigurationPlatforms) = postSolution
		{348E0B49-4F98-4210-8BA0-7780C84B770E}.Debug|Win32.ActiveCfg = Debug|Win32
		{348E0B49-4F98-4210-8BA0-7780C84B770E}.Debug|Win32.Build.0 = Debug|Win32
		{348E0B49-4F98-4210-8BA0-7780C84B770E}.Release|Win32.ActiveCfg = Release|Win32
		{348E0B49-4F98-4210-8BA0-7780C84B770E}.Release|Win32.Build.0 = Release|Win32
		{C8F6C172-56F2-4E76-B5FA-C3B423B31BE7}.Debug|Win32.ActiveCfg = Debug|Win32
		{C8F6C172-56F2-4E76-B5FA-C3B423B31BE7}.Debug|Win32.Build.0 = Debug|Win32
		{C8F6C172-56F2-4E76-B5FA-C3B423B31BE7}.Release|Win32.ActiveCfg = Release|Win32
		{C8F6C172-56F2-4E76-B5FA-C3B423B31BE7}.Release|Win32.Build.0 = Release|Win32
	EndGlobalSection
	GlobalSection(SolutionProperties) = preSolution
		HideSolutionNode = FALSE
	EndGlobalSection
EndGlobal
